skWl}s(fale is a%?liutacilly @ge>.qe`el jy Cargo~A $]t(i{ not in$.m`qd(fgr manua<kf`}tano.
versi?%#944
S[packag5^zaee(= "aho-3$qegikk*
versio>k>$61&1&4"
sour3.#94"zeoistry+h$?sw./'gathub.co=dqqgt%ling/crat58-m{-anlex"
che3 pqy 5 *ddd31a1c{76#c:7=18df266i0e!388md92d4b2b}`g"31f=a8f1002hz55#4;09"
depen4.mg}e{ 5 [
 "me=(kv6,]
[[pack1,fYI
faee = "bi>/daz"vmrsion =pi3*#1&1*
sourcepv#&feoi{try+htt 89+;gat`ub.com/">pp9lino/crates~"l)}nlep"
check#>n$) *5n58bf3d74)5<wfjak37cfc48e*;`#19e07e064c34{ea$4;5j92f7a40g-:`"b;"depende>(jag 5 S
 "bitf<*dw6, *cexpr",Zk!gxafg%sys",
 r"waftgods",
 "l?,!( *pzettyple18f&8
("xroc-mac"$1&8
("yuote",
piqasep"$
 "rust3fkegh*, "shlexrg	$6sqn*,
]

[[ *`ougm]U
name =piam`fdaos"
vers9$m$) *2&11.1"
s?>qgq 5 *registr)`kp`p{:'/github~(li;r}s|-lang/c"*wag.ao%index"
3#fgs}m(= "c451by:=r3>f843ab09aes0a!7jcmb5a5aabg*47pb9885848e8f5-0g-e0c?8b3"

[;bgaoeU]
name mk!gup{tgne"
ver#"lj4=("8.14.0"
#$vvwe(=("regist"2(l`txs2//githu2e`ky/zu{t-lang/39bpqs&ig-index"Z(kawk{ue = "f44b*f4r2n3n1b92333d)7e!306k95c69c13-b4#2jana23d6fa5}g="8:ej1dd4"
d5;fjpefcaes = [
pi`eds|ofe-sys",Zk!w`a|ik_assert9$mw6,]
[[pack1,fYI
faee = "ca 8wkze%sqs"
vers9$m$) *0&18.0"
s?>qgq 5 *registr)`kp`p{:'/github~(li;r}s|-lang/c"*wag.ao%index"
3#fgs}m(= "a4e8`s4gub>7;1295f5ab*1fp8:909ba4f414xb0&8iaj2e7c98dh-7`v30aic05"
de .m`qnkims = [
 r(`&8
U
[[packa7.^Ynimm = "cc"Z=fvgign(= "1.2.fz!go}rke = "re7"ppfy#h|tps://g9?kqv.koe/rust-l1%d+writms.io-in4.{&c`ekksum = r/22p983=9e98664a~32-1<bi7135089g~51"18e07ce0ad95}e6,5>9lb3dd5c64i	`qpmnlencies mkX4"nifd-msvc-$$lhg"$
("shlex"|A^[Spickage]]Z%biq 5 *cexpr"
&.qw}of 5 "0.6.0rApkarke(= "regi#?q}?h|txs://git8>a*woe/zust-lan7d`vutms&io-inde(i	g|ekk{um = "66*`7,7i90bb7c372iy31#cnfk56d62ec2}1=-080:64026331.:5"0lf13a8766"Z/ftqnlefcies = A#&zoe"$
]

[[p1(heseU]name = r(ec9in"versionpv#&%.8.<"
sourc5k>$6rmgastry+ht$;p>;/oi|hub.com9vw`-dafg/crate#ejk9ifdmx"
chec;8vi4=("1330f8b26-27r3<5<0b44e94f.e7!191025727b3h/07&8>en9861426a~26%881*

[[pac;*daI]nime = "c<*mc9sqs*
versio>k>$61&8&1"
sour3.#94"zeoistry+h$?sw./'gathub.co=dqqgt%ling/crat58-m{-anlex"
che3 pqy 5 *0b02394gs25#50c17c59bf94z`5,8nd>19ad471h/`eu7>7147df1ca4)20r31f<"
depen4.mg}e{ 5 [
 "gl?)!( *labc",
 "<"ah{alifg",
]

sewkigm]]
namepv#&wmikm"
versi?%#94"8.9.58"
so%9`a4=("zegistry{#wpds2/'github.3$n+fu{t%lang/cr1?fw:ig-andex"
c8.`ogue 5 "c0f781{16-2i7<a88ac73f{2=ub16:ece0bc3h{f7r9?7jf72e3763~g3,fn0>78"
dep5%gazcae{ = [
 "3(!(]
S[packag5^zaee(= "eith59!bezsaon = "1~z6*$"sgurce = r9fc}s|rq+https:ddm`h}b&com/rus$foezg'czates.io}"m`qx*
khecksumpv#& 8k7=7948c5e4.3a 697?b7add2ef|21!f?0m33c07fe1s1< dn6=76da70bc|2=6
[Spackage	jumm 5 "elf"
&.qw}of 5 "0.7.4rApkarke(= "regi#?q}?h|txs://git8>a*woe/zust-lan7d`vutms&io-inde(i	g|ekk{um = "4d6=$9=7:dbd556cd~4g,41c<ca586234s7f&7k8nff1e74b`)76&7l8j90d17b"ZAX_dakkige]]
na=.#94"nifd-msvc-$$lhg"vmrsion =pi3*%.1"source mk!vqgas|ry+http#q,+si|h}b.com/r%8w)xafg'crates.9$.mzdmx*
checks%&#94"=biebc0774a~2b-0=a9a2cc419hr04$b9e>fbb29af6{`arfi1864fdd30hsg1,2*
[[packa7.^Ynimm = "fna6omzkmr*
versio>k>$60&1&0"
depe>/fjwims(= [
 "c1;pp{nm"$
 "elf"|A#&xijc*,
 "uni3$qj9efgane",
]
ZXtuccaoe]]
nam5k>$6gdoj"
versi?%#94"8.;.3"
sou"(f$) *rmgistry+8?wtg:'/oithub.c?&,vas|-dang/cra$.p*}o%ifdex"
ch5(hwam(=("0cc232g{e2q1000e30a9282/`< dma8b9b41361sag,2;30574f23b1-73vbl200"

[[p1(heseU]name = r#fg"vmrsion =pi3*!.8"source mk!vqgas|ry+http#q,+si|h}b.com/r%8w)xafg'crates.9$.mzdmx*
checks%&#94":384e009836s4brb;8j55b444be.0f"0i804b5d30c`-`e#d02ne33449b2.61qa*
[[packa7.^Ynimm = "ite"?lkxs*
~ersion mk!4:1;.8"
sourc5k>$6rmgastry+ht$;p>;/oi|hub.com9vw`-dafg/crate#ejk9ifdmx"
chec;8vi4=("<13ee7df3~1aq1i4149ceeb74)`<u3;f:d6c0881ig=r9:2nb8318fa6ze4%106*
depend5%`mqs(=([
 "eit8.q&8
U
[[packa7.^Ynimm = "lib3i	rqr{ign = "0.be2<""sgurce = r9fc}s|rq+https:ddm`h}b&com/rus$foezg'czates.io}"m`qx*
khecksumpv#&"8ib11017fe1f(56&406040e4c833rb7#anenf978bd2cra1&9;d>1ece5874.526
[Spackage	jumm 5 "liblo1/jjs"vmrsion =pi3*,.1"source mk!vqgas|ry+http#q,+si|h}b.com/r%8w)xafg'crates.9$.mzdmx*
checks%&#94"l7k4b021996.f3w5l29a5ae7d83-b3-a>en5bb2fc8cg2q9850e89c8255-gg!5*
lependen3"fw4=([ "cfg-i6i/4"ifdows-li> !(]
S[packag5^zaee(= "log"Z=fvgign(= "0.4.br!go}rke = "re7"ppfy#h|tps://g9?kqv.koe/rust-l1%d+writms.io-in4.{&c`ekksum = r~f1$3:e:40190453|56p3k0n28f5b6bh)ab'8=6;a659083hrab#9?8?5892089gi	O[xakkage]]
>*na4=("eemchr"
&.qw}of 5 "2.8.0rApkarke(= "regi#?q}?h|txs://git8>a*woe/zust-lan7d`vutms&io-inde(i	g|ekk{um = "fh(b1,f<4?f06ed174~eg 0<3ke1b10ddb{6a$68fj3ce5b97i);ap8m51ff3f79"ZAX_dakkige]]
na=.#94"eifimal-le("`ex"vmrsion =pi3*&.9"source mk!vqgas|ry+http#q,+si|h}b.com/r%8w)xafg'crates.9$.mzdmx*
checks%&#94">8;54c5c6b4x5`#3nf;feceb055-b1-b>akb762661g-7="2je;22a825efze3-a*
[[packa7.^Ynimm = "nomrAuafsaof = "7.1~x!go}rke = "re7"ppfy#h|tps://g9?kqv.koe/rust-l1%d+writms.io-in4.{&c`ekksum = r/13'903k5a657a7`*0a,f:a813298226xa<w897:b738264azb1!7=1m404a0a41i	`qpmnlencies mkX4"eeechr",
 r&jj}mil%lexicalrg	Y
S[xackage]Ameye(=("pkg-co>-jc6
~ezsion = r{-7:3;"source mk!vqgas|ry+http#q,+si|h}b.com/r%8w)xafg'crates.9$.mzdmx*
checks%&#94"99n132c84e3*61&bn3<cab8ec8a-2g%dkc:29b8116cse=p203lceabe583~62-e*
[[packa7.^Ynimm = "pre$?ztxeism"
versi?%#94"8.:.37"
so%9`a4=("zegistry{#wpds2/'github.3$n+fu{t%lang/cr1?fw:ig-andex"
c8.`ogue 5 "479cah*gewdl7ke8f1fb3i(f=qckcjfe93a3fax70v3l0l97f20bc`z:2&00f>2b"
dep5%gazcae{ = [
 " 9lg9miczo2",
 "#2m&8
U
[[packa7.^Ynimm = "pro3fnewrg2*
versio>k>$61&0&106"
so%9`a4=("zegistry{#wpds2/'github.3$n+fu{t%lang/cr1?fw:ig-andex"
c8.`ogue 5 "8fd006{af&e10l81d10443ya7&697n68fcb9f1xaf#6<0k23e9c74h.67rb;0134"
dep5%gazcae{ = [
 "%%jg{dm-adent",
A	_Opiccage]]
n1&f$) *q}ote"
ve"8jkz 5 *1.0.45"Z8lqfcm 5 "regis$9z/|t|p{://gith%)-g{m'r}st-lang(qe`e{.ao-indexrA`lqccs}m = "416y55-9>685068938b/1f 4n6>4f4bc59c.26-705i36d6ee3g}g`r3?2=9b924"
4.sazdmnkies = [Zk!tfok-eacro2",Z	O[xakkage]]
>*na4=("zegex"
v59pm{n(=("1.12.3rApkarke(= "regi#?q}?h|txs://git8>a*woe/zust-lan7d`vutms&io-inde(i	g|ekk{um = "ea{41 a94j9137dd72zf7q5j0<93cc917a-g`%0=e8ab477f5a)46q7n3ic0e276"Z/ftqnlefcies = A#&uhg-korasickrg	$6mmmkhr",
 "".dal-iu|omata",Zk!vqgmx%syntax"|A^[Spickage]]Z%biq 5 *regex-a%?liuti"versionpv#&$.<.94"
sour3.#94"zeoistry+h$?sw./'gathub.co=dqqgt%ling/crat58-m{-anlex"
che3 pqy 5 *6e1dd41byeg%515m8162618i60#609:eefca7bhs`1&8:0m74af626by27wam8n"
depen4.mg}e{ 5 [
 "ah?f`kfa{ikk",
 "m5&`lf"$
("regex-#2mpux*,]

[[pa3 bcq]U
fame = "".dal-{yftax"
ve"8jkz 5 *0.8.10"Z8lqfcm 5 "regis$9z/|t|p{://gith%)-g{m'r}st-lang(qe`e{.ao-indexrA`lqccs}m = "dchr4`p8l9m8bd1ed83/b`,2j5166c3e0e3*f4-fj1107d58ef1*35'5<3985d0a"
ZXtuccaoe]]
nam5k>$6r}s|c-hash"Z=fvgign(= "2.1.bi	w{uzcm = "reg98wvm+`t|ps://gi$#vf:cgm'rust-la>,,gfa|e{.io-ind53!whmccsum = "i04$ajf;f1ae2e22sebv7j50043de3dcr:g#3na>f4b7382f36u5k4=7614dberA	_Opiccage]]
n1&f$) *s`lex"
ve"8jkz 5 *1.3.0"
#$vvwe(=("regist"2(l`txs2//githu2e`ky/zu{t-lang/39bpqs&ig-index"Z(kawk{ue = "0fd1yeb$d88<019ba4dg(5b'79c15d8fd753.01&4k3kb8fb6531x36'f>3:3e64"

sewkigm]]
namepv#&gtitac_asser$"ljg"vmrsion =pi2*%.8"source mk!vqgas|ry+http#q,+si|h}b.com/r%8w)xafg'crates.9$.mzdmx*
checks%&#94"i2mb9349b6d7f'2>8?2e140eba(e1q7k5:2154d695|b4rfj0nb81c06bc|60'f*
[[packa7.^Ynimm = "synrAuafsaof = "2.0~z236
{o}rce = "".dmgtzy#https:/,jp|uj.kom/rust}'bjs/krites.io-9%gal"c`ecksum mk!a"6=b0803e7b14yb3&7n4823456bb2)f3 di6?099c585b~;er0id1c5013b92r:&dmpmndencie#k>$O
("xroc-mac"$1&8
("yuote",
pivj}cgdm-ident"|A^[Spickage]]Z%biq 5 *unicode}"gazt*
~ersion mk!5:0&2<"
sourc5k>$6rmgastry+ht$;p>;/oi|hub.com9vw`-dafg/crate#ejk9ifdmx"
chec;8vi4=("m6e4313c4~egp3lal5cafa17i|36q2j2<4f76099a-71'9?d94d4ebf3hy73pa?5*

[[pac;*daI]nime = "u>"`kfn%efgine"
v59pm{n(=("2.1.5"Z8lqfcm 5 "regis$9z/|t|p{://gith%)-g{m'r}st-lang(qe`e{.ao-indexrA`lqccs}m = "c1f)6`!106l9400cd32-:b,9:el826cb72d-5=v986jbe66811ey4`r7;eif7a33"
4.sazdmnkies = [Zk!f}nlgmn",
 "c3i/4"kmike",
 "  d)woffag",
 "u>"`kfn%efgine-sy#i/I
[Spackage	jumm 5 "unico"%.azganm-sys"
v59pm{n(=("2.1.5"Z8lqfcm 5 "regis$9z/|t|p{://gith%)-g{m'r}st-lang(qe`e{.ao-indexrA`lqccs}m = "68ey;6#1<d;5a6fbfe4{ba%4l89bb11c91hx;fw7i1>5cac778cy22#9i7jb91d8"
4.sazdmnkies = [Zk!f}nlgmn",
 "c3i/4"kmike",
 "8.`o6, *pkg-con6"d&8
U
[[packa7.^Ynimm = "win4$tw9lanc"
versi?%#94"8.:.1"
sou"(f$) *rmgistry+8?wtg:'/oithub.c?&,vas|-dang/cra$.p*}o%ifdex"
ch5(hwam(=("f08052byf1#f?5:1d6a62ec}ee-1>3jc891acddy1b-79dmfe97d645|3`$a<fm5"
